
Microsoft Visual Studio Solution File, Format Version 12.00
# Visual Studio Version 16
VisualStudioVersion = 16.0.31019.35
MinimumVisualStudioVersion = 10.0.40219.1
Project("{FAE04EC0-301F-11D3-BF4B-00C04F79EFBC}") = "ValheimBetterServerConfig", "ValheimBetterServerConfig\ValheimBetterServerConfig.csproj", "{D027F268-F47B-4ADC-9EF6-B9698619DE2C}"
EndProject
Global
	GlobalSection(SolutionConfigurationPlatforms) = preSolution
		Debug|Any CPU = Debug|Any CPU
		Release|Any CPU = Release|Any CPU
	EndGlobalSection
	GlobalSection(ProjectConfigurationPlatforms) = postSolution
		{D027F268-F47B-4ADC-9EF6-B9698619DE2C}.Debug|Any CPU.ActiveCfg = Debug|Any CPU
		{D027F268-F47B-4ADC-9EF6-B9698619DE2C}.Debug|Any CPU.Build.0 = Debug|Any CPU
		{D027F268-F47B-4ADC-9EF6-B9698619DE2C}.Release|Any CPU.ActiveCfg = Release|Any CPU
		{D027F268-F47B-4ADC-9EF6-B9698619DE2C}.Release|Any CPU.Build.0 = Release|Any CPU
	EndGlobalSection
	GlobalSection(SolutionProperties) = preSolution
		HideSolutionNode = FALSE
	EndGlobalSection
	GlobalSection(ExtensibilityGlobals) = postSolution
		SolutionGuid = {AC373E95-13AE-4715-9286-2C3EBCEDF684}
	EndGlobalSection
EndGlobal
